// !$*UTF8*$!
{
	archiveVersion = 1;
	classes = {
	};
	objectVersion = 56;
	objects = {

/* Begin PBXBuildFile section */
		9F1278B9294D1A6A0017057E /* GameFilterVC.swift in Sources */ = {isa = PBXBuildFile; fileRef = 9F1278B8294D1A6A0017057E /* GameFilterVC.swift */; };
		9F167F2A294491C600AB313A /* NetworkHelper.swift in Sources */ = {isa = PBXBuildFile; fileRef = 9F167F29294491C600AB313A /* NetworkHelper.swift */; };
		9F167F2C294497C500AB313A /* NetworkManager.swift in Sources */ = {isa = PBXBuildFile; fileRef = 9F167F2B294497C500AB313A /* NetworkManager.swift */; };
		9F167F2E29449C7100AB313A /* GameModel.swift in Sources */ = {isa = PBXBuildFile; fileRef = 9F167F2D29449C7100AB313A /* GameModel.swift */; };
		9F167F302944E3C500AB313A /* GameDetailModel.swift in Sources */ = {isa = PBXBuildFile; fileRef = 9F167F2F2944E3C500AB313A /* GameDetailModel.swift */; };
		9F2AC7242943BEC900D75353 /* AppDelegate.swift in Sources */ = {isa = PBXBuildFile; fileRef = 9F2AC7232943BEC900D75353 /* AppDelegate.swift */; };
		9F2AC7262943BEC900D75353 /* SceneDelegate.swift in Sources */ = {isa = PBXBuildFile; fileRef = 9F2AC7252943BEC900D75353 /* SceneDelegate.swift */; };
		9F2AC72B2943BEC900D75353 /* Main.storyboard in Resources */ = {isa = PBXBuildFile; fileRef = 9F2AC7292943BEC900D75353 /* Main.storyboard */; };
		9F2AC72E2943BEC900D75353 /* GamesApp.xcdatamodeld in Sources */ = {isa = PBXBuildFile; fileRef = 9F2AC72C2943BEC900D75353 /* GamesApp.xcdatamodeld */; };
		9F2AC7302943BF5500D75353 /* Assets.xcassets in Resources */ = {isa = PBXBuildFile; fileRef = 9F2AC72F2943BF5500D75353 /* Assets.xcassets */; };
		9F2AC7332943BF5500D75353 /* LaunchScreen.storyboard in Resources */ = {isa = PBXBuildFile; fileRef = 9F2AC7312943BF5500D75353 /* LaunchScreen.storyboard */; };
		9F2AC73E2943BF5500D75353 /* GamesAppTests.swift in Sources */ = {isa = PBXBuildFile; fileRef = 9F2AC73D2943BF5500D75353 /* GamesAppTests.swift */; };
		9F2AC7482943BF5500D75353 /* GamesAppUITests.swift in Sources */ = {isa = PBXBuildFile; fileRef = 9F2AC7472943BF5500D75353 /* GamesAppUITests.swift */; };
		9F2AC74A2943BF5500D75353 /* GamesAppUITestsLaunchTests.swift in Sources */ = {isa = PBXBuildFile; fileRef = 9F2AC7492943BF5500D75353 /* GamesAppUITestsLaunchTests.swift */; };
		9F4CECD2294A03D30095143F /* FavoriteGameListVC.swift in Sources */ = {isa = PBXBuildFile; fileRef = 9F4CECD1294A03D30095143F /* FavoriteGameListVC.swift */; };
		9F4CECD8294A33F90095143F /* CoreDataHelper.swift in Sources */ = {isa = PBXBuildFile; fileRef = 9F4CECD7294A33F90095143F /* CoreDataHelper.swift */; };
		9F4CECDA294A358A0095143F /* FavoriteGamesManager.swift in Sources */ = {isa = PBXBuildFile; fileRef = 9F4CECD9294A358A0095143F /* FavoriteGamesManager.swift */; };
		9F4CECDC294A652D0095143F /* FavoriteGameListViewModel.swift in Sources */ = {isa = PBXBuildFile; fileRef = 9F4CECDB294A652D0095143F /* FavoriteGameListViewModel.swift */; };
		9F64A38B2945174200266F5B /* GameListVC.swift in Sources */ = {isa = PBXBuildFile; fileRef = 9F64A38A2945174200266F5B /* GameListVC.swift */; };
		9F64A38E294517EF00266F5B /* GameListTableViewCell.swift in Sources */ = {isa = PBXBuildFile; fileRef = 9F64A38C294517EF00266F5B /* GameListTableViewCell.swift */; };
		9F64A38F294517EF00266F5B /* GameListTableViewCell.xib in Resources */ = {isa = PBXBuildFile; fileRef = 9F64A38D294517EF00266F5B /* GameListTableViewCell.xib */; };
		9F64A39129452F4400266F5B /* GameListViewModel.swift in Sources */ = {isa = PBXBuildFile; fileRef = 9F64A39029452F4400266F5B /* GameListViewModel.swift */; };
		9F64A3942945383400266F5B /* Kingfisher in Frameworks */ = {isa = PBXBuildFile; productRef = 9F64A3932945383400266F5B /* Kingfisher */; };
		9F7A5C1F294B5FF30011E011 /* NotesListVC.swift in Sources */ = {isa = PBXBuildFile; fileRef = 9F7A5C1E294B5FF30011E011 /* NotesListVC.swift */; };
		9F7A5C21294B602D0011E011 /* NoteFormVC.swift in Sources */ = {isa = PBXBuildFile; fileRef = 9F7A5C20294B602D0011E011 /* NoteFormVC.swift */; };
		9F7A5C24294B60D80011E011 /* NotesTableViewCell.swift in Sources */ = {isa = PBXBuildFile; fileRef = 9F7A5C22294B60D80011E011 /* NotesTableViewCell.swift */; };
		9F7A5C25294B60D80011E011 /* NotesTableViewCell.xib in Resources */ = {isa = PBXBuildFile; fileRef = 9F7A5C23294B60D80011E011 /* NotesTableViewCell.xib */; };
		9F7A5C27294B87C10011E011 /* NotesManager.swift in Sources */ = {isa = PBXBuildFile; fileRef = 9F7A5C26294B87C10011E011 /* NotesManager.swift */; };
		9F7A5C29294B942B0011E011 /* NoteListViewModel.swift in Sources */ = {isa = PBXBuildFile; fileRef = 9F7A5C28294B942B0011E011 /* NoteListViewModel.swift */; };
		9F7A5C2C294BAE360011E011 /* SwiftAlertView in Frameworks */ = {isa = PBXBuildFile; productRef = 9F7A5C2B294BAE360011E011 /* SwiftAlertView */; };
		9F7A5C2F294BB3340011E011 /* Extensions.swift in Sources */ = {isa = PBXBuildFile; fileRef = 9F7A5C2E294BB3340011E011 /* Extensions.swift */; };
		9F7A5C31294BC17D0011E011 /* NoteFormViewModel.swift in Sources */ = {isa = PBXBuildFile; fileRef = 9F7A5C30294BC17D0011E011 /* NoteFormViewModel.swift */; };
		9FB1018B29492C7E00649CAF /* GameDetailViewModel.swift in Sources */ = {isa = PBXBuildFile; fileRef = 9FB1018A29492C7E00649CAF /* GameDetailViewModel.swift */; };
		9FB1018D29492E0B00649CAF /* WebViewVC.swift in Sources */ = {isa = PBXBuildFile; fileRef = 9FB1018C29492E0B00649CAF /* WebViewVC.swift */; };
		9FB1035A294596F4006257B2 /* BaseVC.swift in Sources */ = {isa = PBXBuildFile; fileRef = 9FB10359294596F4006257B2 /* BaseVC.swift */; };
		9FB1035D29459742006257B2 /* MaterialActivityIndicator in Frameworks */ = {isa = PBXBuildFile; productRef = 9FB1035C29459742006257B2 /* MaterialActivityIndicator */; };
		9FBF627A29490EE5005FEF83 /* GameDetailVC.swift in Sources */ = {isa = PBXBuildFile; fileRef = 9FBF627929490EE5005FEF83 /* GameDetailVC.swift */; };
/* End PBXBuildFile section */

/* Begin PBXContainerItemProxy section */
		9F2AC73A2943BF5500D75353 /* PBXContainerItemProxy */ = {
			isa = PBXContainerItemProxy;
			containerPortal = 9F2AC7182943BEC900D75353 /* Project object */;
			proxyType = 1;
			remoteGlobalIDString = 9F2AC71F2943BEC900D75353;
			remoteInfo = GamesApp;
		};
		9F2AC7442943BF5500D75353 /* PBXContainerItemProxy */ = {
			isa = PBXContainerItemProxy;
			containerPortal = 9F2AC7182943BEC900D75353 /* Project object */;
			proxyType = 1;
			remoteGlobalIDString = 9F2AC71F2943BEC900D75353;
			remoteInfo = GamesApp;
		};
/* End PBXContainerItemProxy section */

/* Begin PBXFileReference section */
		9F1278B8294D1A6A0017057E /* GameFilterVC.swift */ = {isa = PBXFileReference; lastKnownFileType = sourcecode.swift; path = GameFilterVC.swift; sourceTree = "<group>"; };
		9F167F29294491C600AB313A /* NetworkHelper.swift */ = {isa = PBXFileReference; lastKnownFileType = sourcecode.swift; path = NetworkHelper.swift; sourceTree = "<group>"; };
		9F167F2B294497C500AB313A /* NetworkManager.swift */ = {isa = PBXFileReference; lastKnownFileType = sourcecode.swift; path = NetworkManager.swift; sourceTree = "<group>"; };
		9F167F2D29449C7100AB313A /* GameModel.swift */ = {isa = PBXFileReference; lastKnownFileType = sourcecode.swift; path = GameModel.swift; sourceTree = "<group>"; };
		9F167F2F2944E3C500AB313A /* GameDetailModel.swift */ = {isa = PBXFileReference; lastKnownFileType = sourcecode.swift; path = GameDetailModel.swift; sourceTree = "<group>"; };
		9F2AC7202943BEC900D75353 /* GamesApp.app */ = {isa = PBXFileReference; explicitFileType = wrapper.application; includeInIndex = 0; path = GamesApp.app; sourceTree = BUILT_PRODUCTS_DIR; };
		9F2AC7232943BEC900D75353 /* AppDelegate.swift */ = {isa = PBXFileReference; lastKnownFileType = sourcecode.swift; path = AppDelegate.swift; sourceTree = "<group>"; };
		9F2AC7252943BEC900D75353 /* SceneDelegate.swift */ = {isa = PBXFileReference; lastKnownFileType = sourcecode.swift; path = SceneDelegate.swift; sourceTree = "<group>"; };
		9F2AC72A2943BEC900D75353 /* Base */ = {isa = PBXFileReference; lastKnownFileType = file.storyboard; name = Base; path = Base.lproj/Main.storyboard; sourceTree = "<group>"; };
		9F2AC72D2943BEC900D75353 /* GamesApp.xcdatamodel */ = {isa = PBXFileReference; lastKnownFileType = wrapper.xcdatamodel; path = GamesApp.xcdatamodel; sourceTree = "<group>"; };
		9F2AC72F2943BF5500D75353 /* Assets.xcassets */ = {isa = PBXFileReference; lastKnownFileType = folder.assetcatalog; path = Assets.xcassets; sourceTree = "<group>"; };
		9F2AC7322943BF5500D75353 /* Base */ = {isa = PBXFileReference; lastKnownFileType = file.storyboard; name = Base; path = Base.lproj/LaunchScreen.storyboard; sourceTree = "<group>"; };
		9F2AC7342943BF5500D75353 /* Info.plist */ = {isa = PBXFileReference; lastKnownFileType = text.plist.xml; path = Info.plist; sourceTree = "<group>"; };
		9F2AC7392943BF5500D75353 /* GamesAppTests.xctest */ = {isa = PBXFileReference; explicitFileType = wrapper.cfbundle; includeInIndex = 0; path = GamesAppTests.xctest; sourceTree = BUILT_PRODUCTS_DIR; };
		9F2AC73D2943BF5500D75353 /* GamesAppTests.swift */ = {isa = PBXFileReference; lastKnownFileType = sourcecode.swift; path = GamesAppTests.swift; sourceTree = "<group>"; };
		9F2AC7432943BF5500D75353 /* GamesAppUITests.xctest */ = {isa = PBXFileReference; explicitFileType = wrapper.cfbundle; includeInIndex = 0; path = GamesAppUITests.xctest; sourceTree = BUILT_PRODUCTS_DIR; };
		9F2AC7472943BF5500D75353 /* GamesAppUITests.swift */ = {isa = PBXFileReference; lastKnownFileType = sourcecode.swift; path = GamesAppUITests.swift; sourceTree = "<group>"; };
		9F2AC7492943BF5500D75353 /* GamesAppUITestsLaunchTests.swift */ = {isa = PBXFileReference; lastKnownFileType = sourcecode.swift; path = GamesAppUITestsLaunchTests.swift; sourceTree = "<group>"; };
		9F4CECD1294A03D30095143F /* FavoriteGameListVC.swift */ = {isa = PBXFileReference; lastKnownFileType = sourcecode.swift; path = FavoriteGameListVC.swift; sourceTree = "<group>"; };
		9F4CECD7294A33F90095143F /* CoreDataHelper.swift */ = {isa = PBXFileReference; lastKnownFileType = sourcecode.swift; path = CoreDataHelper.swift; sourceTree = "<group>"; };
		9F4CECD9294A358A0095143F /* FavoriteGamesManager.swift */ = {isa = PBXFileReference; lastKnownFileType = sourcecode.swift; path = FavoriteGamesManager.swift; sourceTree = "<group>"; };
		9F4CECDB294A652D0095143F /* FavoriteGameListViewModel.swift */ = {isa = PBXFileReference; lastKnownFileType = sourcecode.swift; path = FavoriteGameListViewModel.swift; sourceTree = "<group>"; };
		9F64A38A2945174200266F5B /* GameListVC.swift */ = {isa = PBXFileReference; lastKnownFileType = sourcecode.swift; path = GameListVC.swift; sourceTree = "<group>"; };
		9F64A38C294517EF00266F5B /* GameListTableViewCell.swift */ = {isa = PBXFileReference; lastKnownFileType = sourcecode.swift; path = GameListTableViewCell.swift; sourceTree = "<group>"; };
		9F64A38D294517EF00266F5B /* GameListTableViewCell.xib */ = {isa = PBXFileReference; lastKnownFileType = file.xib; path = GameListTableViewCell.xib; sourceTree = "<group>"; };
		9F64A39029452F4400266F5B /* GameListViewModel.swift */ = {isa = PBXFileReference; lastKnownFileType = sourcecode.swift; path = GameListViewModel.swift; sourceTree = "<group>"; };
		9F7A5C1E294B5FF30011E011 /* NotesListVC.swift */ = {isa = PBXFileReference; lastKnownFileType = sourcecode.swift; path = NotesListVC.swift; sourceTree = "<group>"; };
		9F7A5C20294B602D0011E011 /* NoteFormVC.swift */ = {isa = PBXFileReference; lastKnownFileType = sourcecode.swift; path = NoteFormVC.swift; sourceTree = "<group>"; };
		9F7A5C22294B60D80011E011 /* NotesTableViewCell.swift */ = {isa = PBXFileReference; lastKnownFileType = sourcecode.swift; path = NotesTableViewCell.swift; sourceTree = "<group>"; };
		9F7A5C23294B60D80011E011 /* NotesTableViewCell.xib */ = {isa = PBXFileReference; lastKnownFileType = file.xib; path = NotesTableViewCell.xib; sourceTree = "<group>"; };
		9F7A5C26294B87C10011E011 /* NotesManager.swift */ = {isa = PBXFileReference; lastKnownFileType = sourcecode.swift; path = NotesManager.swift; sourceTree = "<group>"; };
		9F7A5C28294B942B0011E011 /* NoteListViewModel.swift */ = {isa = PBXFileReference; lastKnownFileType = sourcecode.swift; path = NoteListViewModel.swift; sourceTree = "<group>"; };
		9F7A5C2E294BB3340011E011 /* Extensions.swift */ = {isa = PBXFileReference; lastKnownFileType = sourcecode.swift; path = Extensions.swift; sourceTree = "<group>"; };
		9F7A5C30294BC17D0011E011 /* NoteFormViewModel.swift */ = {isa = PBXFileReference; lastKnownFileType = sourcecode.swift; path = NoteFormViewModel.swift; sourceTree = "<group>"; };
		9FB1018A29492C7E00649CAF /* GameDetailViewModel.swift */ = {isa = PBXFileReference; lastKnownFileType = sourcecode.swift; path = GameDetailViewModel.swift; sourceTree = "<group>"; };
		9FB1018C29492E0B00649CAF /* WebViewVC.swift */ = {isa = PBXFileReference; lastKnownFileType = sourcecode.swift; path = WebViewVC.swift; sourceTree = "<group>"; };
		9FB10359294596F4006257B2 /* BaseVC.swift */ = {isa = PBXFileReference; lastKnownFileType = sourcecode.swift; path = BaseVC.swift; sourceTree = "<group>"; };
		9FBF627929490EE5005FEF83 /* GameDetailVC.swift */ = {isa = PBXFileReference; lastKnownFileType = sourcecode.swift; path = GameDetailVC.swift; sourceTree = "<group>"; };
/* End PBXFileReference section */

/* Begin PBXFrameworksBuildPhase section */
		9F2AC71D2943BEC900D75353 /* Frameworks */ = {
			isa = PBXFrameworksBuildPhase;
			buildActionMask = 2147483647;
			files = (
				9F7A5C2C294BAE360011E011 /* SwiftAlertView in Frameworks */,
				9FB1035D29459742006257B2 /* MaterialActivityIndicator in Frameworks */,
				9F64A3942945383400266F5B /* Kingfisher in Frameworks */,
			);
			runOnlyForDeploymentPostprocessing = 0;
		};
		9F2AC7362943BF5500D75353 /* Frameworks */ = {
			isa = PBXFrameworksBuildPhase;
			buildActionMask = 2147483647;
			files = (
			);
			runOnlyForDeploymentPostprocessing = 0;
		};
		9F2AC7402943BF5500D75353 /* Frameworks */ = {
			isa = PBXFrameworksBuildPhase;
			buildActionMask = 2147483647;
			files = (
			);
			runOnlyForDeploymentPostprocessing = 0;
		};
/* End PBXFrameworksBuildPhase section */

/* Begin PBXGroup section */
		9F167F232944659700AB313A /* App */ = {
			isa = PBXGroup;
			children = (
				9F2AC7292943BEC900D75353 /* Main.storyboard */,
				9F2AC7312943BF5500D75353 /* LaunchScreen.storyboard */,
				9F2AC72F2943BF5500D75353 /* Assets.xcassets */,
				9F2AC7232943BEC900D75353 /* AppDelegate.swift */,
				9F2AC7252943BEC900D75353 /* SceneDelegate.swift */,
			);
			path = App;
			sourceTree = "<group>";
		};
		9F167F242944669600AB313A /* Model */ = {
			isa = PBXGroup;
			children = (
				9F167F2D29449C7100AB313A /* GameModel.swift */,
				9F167F2F2944E3C500AB313A /* GameDetailModel.swift */,
			);
			path = Model;
			sourceTree = "<group>";
		};
		9F167F25294466B300AB313A /* View */ = {
			isa = PBXGroup;
			children = (
				9FB10359294596F4006257B2 /* BaseVC.swift */,
				9F7A5C1C294B5FD40011E011 /* NoteList */,
				9F4CECCF294A03850095143F /* FavoriteGames */,
				9FBF627829490EBC005FEF83 /* GameDetail */,
				9F64A3882945170100266F5B /* GameList */,
			);
			path = View;
			sourceTree = "<group>";
		};
		9F167F26294466BE00AB313A /* ViewModel */ = {
			isa = PBXGroup;
			children = (
				9F64A39029452F4400266F5B /* GameListViewModel.swift */,
				9FB1018A29492C7E00649CAF /* GameDetailViewModel.swift */,
				9F4CECDB294A652D0095143F /* FavoriteGameListViewModel.swift */,
				9F7A5C28294B942B0011E011 /* NoteListViewModel.swift */,
				9F7A5C30294BC17D0011E011 /* NoteFormViewModel.swift */,
			);
			path = ViewModel;
			sourceTree = "<group>";
		};
		9F167F272944673200AB313A /* CoreData */ = {
			isa = PBXGroup;
			children = (
				9F2AC72C2943BEC900D75353 /* GamesApp.xcdatamodeld */,
				9F4CECD7294A33F90095143F /* CoreDataHelper.swift */,
				9F4CECD9294A358A0095143F /* FavoriteGamesManager.swift */,
				9F7A5C26294B87C10011E011 /* NotesManager.swift */,
			);
			path = CoreData;
			sourceTree = "<group>";
		};
		9F167F28294467A400AB313A /* Network */ = {
			isa = PBXGroup;
			children = (
				9F167F29294491C600AB313A /* NetworkHelper.swift */,
				9F167F2B294497C500AB313A /* NetworkManager.swift */,
			);
			path = Network;
			sourceTree = "<group>";
		};
		9F2AC7172943BEC900D75353 = {
			isa = PBXGroup;
			children = (
				9F2AC7222943BEC900D75353 /* GamesApp */,
				9F2AC73C2943BF5500D75353 /* GamesAppTests */,
				9F2AC7462943BF5500D75353 /* GamesAppUITests */,
				9F2AC7212943BEC900D75353 /* Products */,
			);
			sourceTree = "<group>";
		};
		9F2AC7212943BEC900D75353 /* Products */ = {
			isa = PBXGroup;
			children = (
				9F2AC7202943BEC900D75353 /* GamesApp.app */,
				9F2AC7392943BF5500D75353 /* GamesAppTests.xctest */,
				9F2AC7432943BF5500D75353 /* GamesAppUITests.xctest */,
			);
			name = Products;
			sourceTree = "<group>";
		};
		9F2AC7222943BEC900D75353 /* GamesApp */ = {
			isa = PBXGroup;
			children = (
				9F7A5C2D294BB2F10011E011 /* Utils */,
				9F167F232944659700AB313A /* App */,
				9F167F28294467A400AB313A /* Network */,
				9F167F242944669600AB313A /* Model */,
				9F167F25294466B300AB313A /* View */,
				9F167F26294466BE00AB313A /* ViewModel */,
				9F167F272944673200AB313A /* CoreData */,
				9F2AC7342943BF5500D75353 /* Info.plist */,
			);
			path = GamesApp;
			sourceTree = "<group>";
		};
		9F2AC73C2943BF5500D75353 /* GamesAppTests */ = {
			isa = PBXGroup;
			children = (
				9F2AC73D2943BF5500D75353 /* GamesAppTests.swift */,
			);
			path = GamesAppTests;
			sourceTree = "<group>";
		};
		9F2AC7462943BF5500D75353 /* GamesAppUITests */ = {
			isa = PBXGroup;
			children = (
				9F2AC7472943BF5500D75353 /* GamesAppUITests.swift */,
				9F2AC7492943BF5500D75353 /* GamesAppUITestsLaunchTests.swift */,
			);
			path = GamesAppUITests;
			sourceTree = "<group>";
		};
		9F4CECCF294A03850095143F /* FavoriteGames */ = {
			isa = PBXGroup;
			children = (
				9F4CECD1294A03D30095143F /* FavoriteGameListVC.swift */,
			);
			path = FavoriteGames;
			sourceTree = "<group>";
		};
		9F64A3882945170100266F5B /* GameList */ = {
			isa = PBXGroup;
			children = (
				9F64A3892945171500266F5B /* Cell */,
				9F64A38A2945174200266F5B /* GameListVC.swift */,
				9F1278B8294D1A6A0017057E /* GameFilterVC.swift */,
			);
			path = GameList;
			sourceTree = "<group>";
		};
		9F64A3892945171500266F5B /* Cell */ = {
			isa = PBXGroup;
			children = (
				9F64A38C294517EF00266F5B /* GameListTableViewCell.swift */,
				9F64A38D294517EF00266F5B /* GameListTableViewCell.xib */,
			);
			path = Cell;
			sourceTree = "<group>";
		};
		9F7A5C1C294B5FD40011E011 /* NoteList */ = {
			isa = PBXGroup;
			children = (
				9F7A5C1D294B5FDE0011E011 /* Cell */,
				9F7A5C1E294B5FF30011E011 /* NotesListVC.swift */,
				9F7A5C20294B602D0011E011 /* NoteFormVC.swift */,
			);
			path = NoteList;
			sourceTree = "<group>";
		};
		9F7A5C1D294B5FDE0011E011 /* Cell */ = {
			isa = PBXGroup;
			children = (
				9F7A5C22294B60D80011E011 /* NotesTableViewCell.swift */,
				9F7A5C23294B60D80011E011 /* NotesTableViewCell.xib */,
			);
			path = Cell;
			sourceTree = "<group>";
		};
		9F7A5C2D294BB2F10011E011 /* Utils */ = {
			isa = PBXGroup;
			children = (
				9F7A5C2E294BB3340011E011 /* Extensions.swift */,
			);
			path = Utils;
			sourceTree = "<group>";
		};
		9FBF627829490EBC005FEF83 /* GameDetail */ = {
			isa = PBXGroup;
			children = (
				9FBF627929490EE5005FEF83 /* GameDetailVC.swift */,
				9FB1018C29492E0B00649CAF /* WebViewVC.swift */,
			);
			path = GameDetail;
			sourceTree = "<group>";
		};
/* End PBXGroup section */

/* Begin PBXNativeTarget section */
		9F2AC71F2943BEC900D75353 /* GamesApp */ = {
			isa = PBXNativeTarget;
			buildConfigurationList = 9F2AC74D2943BF5500D75353 /* Build configuration list for PBXNativeTarget "GamesApp" */;
			buildPhases = (
				9F2AC71C2943BEC900D75353 /* Sources */,
				9F2AC71D2943BEC900D75353 /* Frameworks */,
				9F2AC71E2943BEC900D75353 /* Resources */,
			);
			buildRules = (
			);
			dependencies = (
			);
			name = GamesApp;
			packageProductDependencies = (
				9F64A3932945383400266F5B /* Kingfisher */,
				9FB1035C29459742006257B2 /* MaterialActivityIndicator */,
				9F7A5C2B294BAE360011E011 /* SwiftAlertView */,
			);
			productName = GamesApp;
			productReference = 9F2AC7202943BEC900D75353 /* GamesApp.app */;
			productType = "com.apple.product-type.application";
		};
		9F2AC7382943BF5500D75353 /* GamesAppTests */ = {
			isa = PBXNativeTarget;
			buildConfigurationList = 9F2AC7502943BF5500D75353 /* Build configuration list for PBXNativeTarget "GamesAppTests" */;
			buildPhases = (
				9F2AC7352943BF5500D75353 /* Sources */,
				9F2AC7362943BF5500D75353 /* Frameworks */,
				9F2AC7372943BF5500D75353 /* Resources */,
			);
			buildRules = (
			);
			dependencies = (
				9F2AC73B2943BF5500D75353 /* PBXTargetDependency */,
			);
			name = GamesAppTests;
			productName = GamesAppTests;
			productReference = 9F2AC7392943BF5500D75353 /* GamesAppTests.xctest */;
			productType = "com.apple.product-type.bundle.unit-test";
		};
		9F2AC7422943BF5500D75353 /* GamesAppUITests */ = {
			isa = PBXNativeTarget;
			buildConfigurationList = 9F2AC7532943BF5500D75353 /* Build configuration list for PBXNativeTarget "GamesAppUITests" */;
			buildPhases = (
				9F2AC73F2943BF5500D75353 /* Sources */,
				9F2AC7402943BF5500D75353 /* Frameworks */,
				9F2AC7412943BF5500D75353 /* Resources */,
			);
			buildRules = (
			);
			dependencies = (
				9F2AC7452943BF5500D75353 /* PBXTargetDependency */,
			);
			name = GamesAppUITests;
			productName = GamesAppUITests;
			productReference = 9F2AC7432943BF5500D75353 /* GamesAppUITests.xctest */;
			productType = "com.apple.product-type.bundle.ui-testing";
		};
/* End PBXNativeTarget section */

/* Begin PBXProject section */
		9F2AC7182943BEC900D75353 /* Project object */ = {
			isa = PBXProject;
			attributes = {
				BuildIndependentTargetsInParallel = 1;
				LastSwiftUpdateCheck = 1410;
				LastUpgradeCheck = 1410;
				TargetAttributes = {
					9F2AC71F2943BEC900D75353 = {
						CreatedOnToolsVersion = 14.1;
					};
					9F2AC7382943BF5500D75353 = {
						CreatedOnToolsVersion = 14.1;
						TestTargetID = 9F2AC71F2943BEC900D75353;
					};
					9F2AC7422943BF5500D75353 = {
						CreatedOnToolsVersion = 14.1;
						TestTargetID = 9F2AC71F2943BEC900D75353;
					};
				};
			};
			buildConfigurationList = 9F2AC71B2943BEC900D75353 /* Build configuration list for PBXProject "GamesApp" */;
			compatibilityVersion = "Xcode 14.0";
			developmentRegion = en;
			hasScannedForEncodings = 0;
			knownRegions = (
				en,
				Base,
			);
			mainGroup = 9F2AC7172943BEC900D75353;
			packageReferences = (
				9F64A3922945383400266F5B /* XCRemoteSwiftPackageReference "Kingfisher" */,
				9FB1035B29459742006257B2 /* XCRemoteSwiftPackageReference "MaterialActivityIndicator" */,
				9F7A5C2A294BAE360011E011 /* XCRemoteSwiftPackageReference "SwiftAlertView" */,
			);
			productRefGroup = 9F2AC7212943BEC900D75353 /* Products */;
			projectDirPath = "";
			projectRoot = "";
			targets = (
				9F2AC71F2943BEC900D75353 /* GamesApp */,
				9F2AC7382943BF5500D75353 /* GamesAppTests */,
				9F2AC7422943BF5500D75353 /* GamesAppUITests */,
			);
		};
/* End PBXProject section */

/* Begin PBXResourcesBuildPhase section */
		9F2AC71E2943BEC900D75353 /* Resources */ = {
			isa = PBXResourcesBuildPhase;
			buildActionMask = 2147483647;
			files = (
				9F7A5C25294B60D80011E011 /* NotesTableViewCell.xib in Resources */,
				9F2AC7332943BF5500D75353 /* LaunchScreen.storyboard in Resources */,
				9F2AC7302943BF5500D75353 /* Assets.xcassets in Resources */,
				9F2AC72B2943BEC900D75353 /* Main.storyboard in Resources */,
				9F64A38F294517EF00266F5B /* GameListTableViewCell.xib in Resources */,
			);
			runOnlyForDeploymentPostprocessing = 0;
		};
		9F2AC7372943BF5500D75353 /* Resources */ = {
			isa = PBXResourcesBuildPhase;
			buildActionMask = 2147483647;
			files = (
			);
			runOnlyForDeploymentPostprocessing = 0;
		};
		9F2AC7412943BF5500D75353 /* Resources */ = {
			isa = PBXResourcesBuildPhase;
			buildActionMask = 2147483647;
			files = (
			);
			runOnlyForDeploymentPostprocessing = 0;
		};
/* End PBXResourcesBuildPhase section */

/* Begin PBXSourcesBuildPhase section */
		9F2AC71C2943BEC900D75353 /* Sources */ = {
			isa = PBXSourcesBuildPhase;
			buildActionMask = 2147483647;
			files = (
				9F64A39129452F4400266F5B /* GameListViewModel.swift in Sources */,
				9FB1035A294596F4006257B2 /* BaseVC.swift in Sources */,
				9F4CECDC294A652D0095143F /* FavoriteGameListViewModel.swift in Sources */,
				9F4CECD8294A33F90095143F /* CoreDataHelper.swift in Sources */,
				9F7A5C1F294B5FF30011E011 /* NotesListVC.swift in Sources */,
				9F7A5C24294B60D80011E011 /* NotesTableViewCell.swift in Sources */,
				9F167F2A294491C600AB313A /* NetworkHelper.swift in Sources */,
				9F7A5C27294B87C10011E011 /* NotesManager.swift in Sources */,
				9F1278B9294D1A6A0017057E /* GameFilterVC.swift in Sources */,
				9F4CECD2294A03D30095143F /* FavoriteGameListVC.swift in Sources */,
				9F2AC7242943BEC900D75353 /* AppDelegate.swift in Sources */,
				9F64A38B2945174200266F5B /* GameListVC.swift in Sources */,
				9F7A5C29294B942B0011E011 /* NoteListViewModel.swift in Sources */,
				9F64A38E294517EF00266F5B /* GameListTableViewCell.swift in Sources */,
				9F167F2C294497C500AB313A /* NetworkManager.swift in Sources */,
				9F2AC7262943BEC900D75353 /* SceneDelegate.swift in Sources */,
				9F2AC72E2943BEC900D75353 /* GamesApp.xcdatamodeld in Sources */,
				9FB1018B29492C7E00649CAF /* GameDetailViewModel.swift in Sources */,
				9F7A5C31294BC17D0011E011 /* NoteFormViewModel.swift in Sources */,
				9FB1018D29492E0B00649CAF /* WebViewVC.swift in Sources */,
				9F167F302944E3C500AB313A /* GameDetailModel.swift in Sources */,
				9F7A5C2F294BB3340011E011 /* Extensions.swift in Sources */,
				9F167F2E29449C7100AB313A /* GameModel.swift in Sources */,
				9F4CECDA294A358A0095143F /* FavoriteGamesManager.swift in Sources */,
				9F7A5C21294B602D0011E011 /* NoteFormVC.swift in Sources */,
				9FBF627A29490EE5005FEF83 /* GameDetailVC.swift in Sources */,
			);
			runOnlyForDeploymentPostprocessing = 0;
		};
		9F2AC7352943BF5500D75353 /* Sources */ = {
			isa = PBXSourcesBuildPhase;
			buildActionMask = 2147483647;
			files = (
				9F2AC73E2943BF5500D75353 /* GamesAppTests.swift in Sources */,
			);
			runOnlyForDeploymentPostprocessing = 0;
		};
		9F2AC73F2943BF5500D75353 /* Sources */ = {
			isa = PBXSourcesBuildPhase;
			buildActionMask = 2147483647;
			files = (
				9F2AC74A2943BF5500D75353 /* GamesAppUITestsLaunchTests.swift in Sources */,
				9F2AC7482943BF5500D75353 /* GamesAppUITests.swift in Sources */,
			);
			runOnlyForDeploymentPostprocessing = 0;
		};
/* End PBXSourcesBuildPhase section */

/* Begin PBXTargetDependency section */
		9F2AC73B2943BF5500D75353 /* PBXTargetDependency */ = {
			isa = PBXTargetDependency;
			target = 9F2AC71F2943BEC900D75353 /* GamesApp */;
			targetProxy = 9F2AC73A2943BF5500D75353 /* PBXContainerItemProxy */;
		};
		9F2AC7452943BF5500D75353 /* PBXTargetDependency */ = {
			isa = PBXTargetDependency;
			target = 9F2AC71F2943BEC900D75353 /* GamesApp */;
			targetProxy = 9F2AC7442943BF5500D75353 /* PBXContainerItemProxy */;
		};
/* End PBXTargetDependency section */

/* Begin PBXVariantGroup section */
		9F2AC7292943BEC900D75353 /* Main.storyboard */ = {
			isa = PBXVariantGroup;
			children = (
				9F2AC72A2943BEC900D75353 /* Base */,
			);
			name = Main.storyboard;
			sourceTree = "<group>";
		};
		9F2AC7312943BF5500D75353 /* LaunchScreen.storyboard */ = {
			isa = PBXVariantGroup;
			children = (
				9F2AC7322943BF5500D75353 /* Base */,
			);
			name = LaunchScreen.storyboard;
			sourceTree = "<group>";
		};
/* End PBXVariantGroup section */

/* Begin XCBuildConfiguration section */
		9F2AC74B2943BF5500D75353 /* Debug */ = {
			isa = XCBuildConfiguration;
			buildSettings = {
				ALWAYS_SEARCH_USER_PATHS = NO;
				CLANG_ANALYZER_NONNULL = YES;
				CLANG_ANALYZER_NUMBER_OBJECT_CONVERSION = YES_AGGRESSIVE;
				CLANG_CXX_LANGUAGE_STANDARD = "gnu++20";
				CLANG_ENABLE_MODULES = YES;
				CLANG_ENABLE_OBJC_ARC = YES;
				CLANG_ENABLE_OBJC_WEAK = YES;
				CLANG_WARN_BLOCK_CAPTURE_AUTORELEASING = YES;
				CLANG_WARN_BOOL_CONVERSION = YES;
				CLANG_WARN_COMMA = YES;
				CLANG_WARN_CONSTANT_CONVERSION = YES;
				CLANG_WARN_DEPRECATED_OBJC_IMPLEMENTATIONS = YES;
				CLANG_WARN_DIRECT_OBJC_ISA_USAGE = YES_ERROR;
				CLANG_WARN_DOCUMENTATION_COMMENTS = YES;
				CLANG_WARN_EMPTY_BODY = YES;
				CLANG_WARN_ENUM_CONVERSION = YES;
				CLANG_WARN_INFINITE_RECURSION = YES;
				CLANG_WARN_INT_CONVERSION = YES;
				CLANG_WARN_NON_LITERAL_NULL_CONVERSION = YES;
				CLANG_WARN_OBJC_IMPLICIT_RETAIN_SELF = YES;
				CLANG_WARN_OBJC_LITERAL_CONVERSION = YES;
				CLANG_WARN_OBJC_ROOT_CLASS = YES_ERROR;
				CLANG_WARN_QUOTED_INCLUDE_IN_FRAMEWORK_HEADER = YES;
				CLANG_WARN_RANGE_LOOP_ANALYSIS = YES;
				CLANG_WARN_STRICT_PROTOTYPES = YES;
				CLANG_WARN_SUSPICIOUS_MOVE = YES;
				CLANG_WARN_UNGUARDED_AVAILABILITY = YES_AGGRESSIVE;
				CLANG_WARN_UNREACHABLE_CODE = YES;
				CLANG_WARN__DUPLICATE_METHOD_MATCH = YES;
				COPY_PHASE_STRIP = NO;
				DEBUG_INFORMATION_FORMAT = dwarf;
				ENABLE_STRICT_OBJC_MSGSEND = YES;
				ENABLE_TESTABILITY = YES;
				GCC_C_LANGUAGE_STANDARD = gnu11;
				GCC_DYNAMIC_NO_PIC = NO;
				GCC_NO_COMMON_BLOCKS = YES;
				GCC_OPTIMIZATION_LEVEL = 0;
				GCC_PREPROCESSOR_DEFINITIONS = (
					"DEBUG=1",
					"$(inherited)",
				);
				GCC_WARN_64_TO_32_BIT_CONVERSION = YES;
				GCC_WARN_ABOUT_RETURN_TYPE = YES_ERROR;
				GCC_WARN_UNDECLARED_SELECTOR = YES;
				GCC_WARN_UNINITIALIZED_AUTOS = YES_AGGRESSIVE;
				GCC_WARN_UNUSED_FUNCTION = YES;
				GCC_WARN_UNUSED_VARIABLE = YES;
				IPHONEOS_DEPLOYMENT_TARGET = 16.1;
				MTL_ENABLE_DEBUG_INFO = INCLUDE_SOURCE;
				MTL_FAST_MATH = YES;
				ONLY_ACTIVE_ARCH = YES;
				SDKROOT = iphoneos;
				SWIFT_ACTIVE_COMPILATION_CONDITIONS = DEBUG;
				SWIFT_OPTIMIZATION_LEVEL = "-Onone";
			};
			name = Debug;
		};
		9F2AC74C2943BF5500D75353 /* Release */ = {
			isa = XCBuildConfiguration;
			buildSettings = {
				ALWAYS_SEARCH_USER_PATHS = NO;
				CLANG_ANALYZER_NONNULL = YES;
				CLANG_ANALYZER_NUMBER_OBJECT_CONVERSION = YES_AGGRESSIVE;
				CLANG_CXX_LANGUAGE_STANDARD = "gnu++20";
				CLANG_ENABLE_MODULES = YES;
				CLANG_ENABLE_OBJC_ARC = YES;
				CLANG_ENABLE_OBJC_WEAK = YES;
				CLANG_WARN_BLOCK_CAPTURE_AUTORELEASING = YES;
				CLANG_WARN_BOOL_CONVERSION = YES;
				CLANG_WARN_COMMA = YES;
				CLANG_WARN_CONSTANT_CONVERSION = YES;
				CLANG_WARN_DEPRECATED_OBJC_IMPLEMENTATIONS = YES;
				CLANG_WARN_DIRECT_OBJC_ISA_USAGE = YES_ERROR;
				CLANG_WARN_DOCUMENTATION_COMMENTS = YES;
				CLANG_WARN_EMPTY_BODY = YES;
				CLANG_WARN_ENUM_CONVERSION = YES;
				CLANG_WARN_INFINITE_RECURSION = YES;
				CLANG_WARN_INT_CONVERSION = YES;
				CLANG_WARN_NON_LITERAL_NULL_CONVERSION = YES;
				CLANG_WARN_OBJC_IMPLICIT_RETAIN_SELF = YES;
				CLANG_WARN_OBJC_LITERAL_CONVERSION = YES;
				CLANG_WARN_OBJC_ROOT_CLASS = YES_ERROR;
				CLANG_WARN_QUOTED_INCLUDE_IN_FRAMEWORK_HEADER = YES;
				CLANG_WARN_RANGE_LOOP_ANALYSIS = YES;
				CLANG_WARN_STRICT_PROTOTYPES = YES;
				CLANG_WARN_SUSPICIOUS_MOVE = YES;
				CLANG_WARN_UNGUARDED_AVAILABILITY = YES_AGGRESSIVE;
				CLANG_WARN_UNREACHABLE_CODE = YES;
				CLANG_WARN__DUPLICATE_METHOD_MATCH = YES;
				COPY_PHASE_STRIP = NO;
				DEBUG_INFORMATION_FORMAT = "dwarf-with-dsym";
				ENABLE_NS_ASSERTIONS = NO;
				ENABLE_STRICT_OBJC_MSGSEND = YES;
				GCC_C_LANGUAGE_STANDARD = gnu11;
				GCC_NO_COMMON_BLOCKS = YES;
				GCC_WARN_64_TO_32_BIT_CONVERSION = YES;
				GCC_WARN_ABOUT_RETURN_TYPE = YES_ERROR;
				GCC_WARN_UNDECLARED_SELECTOR = YES;
				GCC_WARN_UNINITIALIZED_AUTOS = YES_AGGRESSIVE;
				GCC_WARN_UNUSED_FUNCTION = YES;
				GCC_WARN_UNUSED_VARIABLE = YES;
				IPHONEOS_DEPLOYMENT_TARGET = 16.1;
				MTL_ENABLE_DEBUG_INFO = NO;
				MTL_FAST_MATH = YES;
				SDKROOT = iphoneos;
				SWIFT_COMPILATION_MODE = wholemodule;
				SWIFT_OPTIMIZATION_LEVEL = "-O";
				VALIDATE_PRODUCT = YES;
			};
			name = Release;
		};
		9F2AC74E2943BF5500D75353 /* Debug */ = {
			isa = XCBuildConfiguration;
			buildSettings = {
				ASSETCATALOG_COMPILER_APPICON_NAME = AppIcon;
				ASSETCATALOG_COMPILER_GLOBAL_ACCENT_COLOR_NAME = AccentColor;
				CODE_SIGN_STYLE = Automatic;
				CURRENT_PROJECT_VERSION = 1;
				GENERATE_INFOPLIST_FILE = YES;
				INFOPLIST_FILE = GamesApp/Info.plist;
				INFOPLIST_KEY_UIApplicationSupportsIndirectInputEvents = YES;
				INFOPLIST_KEY_UILaunchStoryboardName = LaunchScreen;
				INFOPLIST_KEY_UIMainStoryboardFile = Main;
				INFOPLIST_KEY_UISupportedInterfaceOrientations_iPad = "UIInterfaceOrientationPortrait UIInterfaceOrientationPortraitUpsideDown UIInterfaceOrientationLandscapeLeft UIInterfaceOrientationLandscapeRight";
				INFOPLIST_KEY_UISupportedInterfaceOrientations_iPhone = "UIInterfaceOrientationPortrait UIInterfaceOrientationLandscapeLeft UIInterfaceOrientationLandscapeRight";
				LD_RUNPATH_SEARCH_PATHS = (
					"$(inherited)",
					"@executable_path/Frameworks",
				);
				MARKETING_VERSION = 1.0;
				PRODUCT_BUNDLE_IDENTIFIER = habip.GamesApp;
				PRODUCT_NAME = "$(TARGET_NAME)";
				SWIFT_EMIT_LOC_STRINGS = YES;
				SWIFT_VERSION = 5.0;
				TARGETED_DEVICE_FAMILY = "1,2";
			};
			name = Debug;
		};
		9F2AC74F2943BF5500D75353 /* Release */ = {
			isa = XCBuildConfiguration;
			buildSettings = {
				ASSETCATALOG_COMPILER_APPICON_NAME = AppIcon;
				ASSETCATALOG_COMPILER_GLOBAL_ACCENT_COLOR_NAME = AccentColor;
				CODE_SIGN_STYLE = Automatic;
				CURRENT_PROJECT_VERSION = 1;
				GENERATE_INFOPLIST_FILE = YES;
				INFOPLIST_FILE = GamesApp/Info.plist;
				INFOPLIST_KEY_UIApplicationSupportsIndirectInputEvents = YES;
				INFOPLIST_KEY_UILaunchStoryboardName = LaunchScreen;
				INFOPLIST_KEY_UIMainStoryboardFile = Main;
				INFOPLIST_KEY_UISupportedInterfaceOrientations_iPad = "UIInterfaceOrientationPortrait UIInterfaceOrientationPortraitUpsideDown UIInterfaceOrientationLandscapeLeft UIInterfaceOrientationLandscapeRight";
				INFOPLIST_KEY_UISupportedInterfaceOrientations_iPhone = "UIInterfaceOrientationPortrait UIInterfaceOrientationLandscapeLeft UIInterfaceOrientationLandscapeRight";
				LD_RUNPATH_SEARCH_PATHS = (
					"$(inherited)",
					"@executable_path/Frameworks",
				);
				MARKETING_VERSION = 1.0;
				PRODUCT_BUNDLE_IDENTIFIER = habip.GamesApp;
				PRODUCT_NAME = "$(TARGET_NAME)";
				SWIFT_EMIT_LOC_STRINGS = YES;
				SWIFT_VERSION = 5.0;
				TARGETED_DEVICE_FAMILY = "1,2";
			};
			name = Release;
		};
		9F2AC7512943BF5500D75353 /* Debug */ = {
			isa = XCBuildConfiguration;
			buildSettings = {
				ALWAYS_EMBED_SWIFT_STANDARD_LIBRARIES = YES;
				BUNDLE_LOADER = "$(TEST_HOST)";
				CODE_SIGN_STYLE = Automatic;
				CURRENT_PROJECT_VERSION = 1;
				GENERATE_INFOPLIST_FILE = YES;
				IPHONEOS_DEPLOYMENT_TARGET = 16.1;
				MARKETING_VERSION = 1.0;
				PRODUCT_BUNDLE_IDENTIFIER = habip.GamesAppTests;
				PRODUCT_NAME = "$(TARGET_NAME)";
				SWIFT_EMIT_LOC_STRINGS = NO;
				SWIFT_VERSION = 5.0;
				TARGETED_DEVICE_FAMILY = "1,2";
				TEST_HOST = "$(BUILT_PRODUCTS_DIR)/GamesApp.app/$(BUNDLE_EXECUTABLE_FOLDER_PATH)/GamesApp";
			};
			name = Debug;
		};
		9F2AC7522943BF5500D75353 /* Release */ = {
			isa = XCBuildConfiguration;
			buildSettings = {
				ALWAYS_EMBED_SWIFT_STANDARD_LIBRARIES = YES;
				BUNDLE_LOADER = "$(TEST_HOST)";
				CODE_SIGN_STYLE = Automatic;
				CURRENT_PROJECT_VERSION = 1;
				GENERATE_INFOPLIST_FILE = YES;
				IPHONEOS_DEPLOYMENT_TARGET = 16.1;
				MARKETING_VERSION = 1.0;
				PRODUCT_BUNDLE_IDENTIFIER = habip.GamesAppTests;
				PRODUCT_NAME = "$(TARGET_NAME)";
				SWIFT_EMIT_LOC_STRINGS = NO;
				SWIFT_VERSION = 5.0;
				TARGETED_DEVICE_FAMILY = "1,2";
				TEST_HOST = "$(BUILT_PRODUCTS_DIR)/GamesApp.app/$(BUNDLE_EXECUTABLE_FOLDER_PATH)/GamesApp";
			};
			name = Release;
		};
		9F2AC7542943BF5500D75353 /* Debug */ = {
			isa = XCBuildConfiguration;
			buildSettings = {
				ALWAYS_EMBED_SWIFT_STANDARD_LIBRARIES = YES;
				CODE_SIGN_STYLE = Automatic;
				CURRENT_PROJECT_VERSION = 1;
				GENERATE_INFOPLIST_FILE = YES;
				MARKETING_VERSION = 1.0;
				PRODUCT_BUNDLE_IDENTIFIER = habip.GamesAppUITests;
				PRODUCT_NAME = "$(TARGET_NAME)";
				SWIFT_EMIT_LOC_STRINGS = NO;
				SWIFT_VERSION = 5.0;
				TARGETED_DEVICE_FAMILY = "1,2";
				TEST_TARGET_NAME = GamesApp;
			};
			name = Debug;
		};
		9F2AC7552943BF5500D75353 /* Release */ = {
			isa = XCBuildConfiguration;
			buildSettings = {
				ALWAYS_EMBED_SWIFT_STANDARD_LIBRARIES = YES;
				CODE_SIGN_STYLE = Automatic;
				CURRENT_PROJECT_VERSION = 1;
				GENERATE_INFOPLIST_FILE = YES;
				MARKETING_VERSION = 1.0;
				PRODUCT_BUNDLE_IDENTIFIER = habip.GamesAppUITests;
				PRODUCT_NAME = "$(TARGET_NAME)";
				SWIFT_EMIT_LOC_STRINGS = NO;
				SWIFT_VERSION = 5.0;
				TARGETED_DEVICE_FAMILY = "1,2";
				TEST_TARGET_NAME = GamesApp;
			};
			name = Release;
		};
/* End XCBuildConfiguration section */

/* Begin XCConfigurationList section */
		9F2AC71B2943BEC900D75353 /* Build configuration list for PBXProject "GamesApp" */ = {
			isa = XCConfigurationList;
			buildConfigurations = (
				9F2AC74B2943BF5500D75353 /* Debug */,
				9F2AC74C2943BF5500D75353 /* Release */,
			);
			defaultConfigurationIsVisible = 0;
			defaultConfigurationName = Release;
		};
		9F2AC74D2943BF5500D75353 /* Build configuration list for PBXNativeTarget "GamesApp" */ = {
			isa = XCConfigurationList;
			buildConfigurations = (
				9F2AC74E2943BF5500D75353 /* Debug */,
				9F2AC74F2943BF5500D75353 /* Release */,
			);
			defaultConfigurationIsVisible = 0;
			defaultConfigurationName = Release;
		};
		9F2AC7502943BF5500D75353 /* Build configuration list for PBXNativeTarget "GamesAppTests" */ = {
			isa = XCConfigurationList;
			buildConfigurations = (
				9F2AC7512943BF5500D75353 /* Debug */,
				9F2AC7522943BF5500D75353 /* Release */,
			);
			defaultConfigurationIsVisible = 0;
			defaultConfigurationName = Release;
		};
		9F2AC7532943BF5500D75353 /* Build configuration list for PBXNativeTarget "GamesAppUITests" */ = {
			isa = XCConfigurationList;
			buildConfigurations = (
				9F2AC7542943BF5500D75353 /* Debug */,
				9F2AC7552943BF5500D75353 /* Release */,
			);
			defaultConfigurationIsVisible = 0;
			defaultConfigurationName = Release;
		};
/* End XCConfigurationList section */

/* Begin XCRemoteSwiftPackageReference section */
		9F64A3922945383400266F5B /* XCRemoteSwiftPackageReference "Kingfisher" */ = {
			isa = XCRemoteSwiftPackageReference;
			repositoryURL = "https://github.com/onevcat/Kingfisher.git";
			requirement = {
				kind = upToNextMinorVersion;
				minimumVersion = 7.4.0;
			};
		};
		9F7A5C2A294BAE360011E011 /* XCRemoteSwiftPackageReference "SwiftAlertView" */ = {
			isa = XCRemoteSwiftPackageReference;
			repositoryURL = "https://github.com/dinhquan/SwiftAlertView.git";
			requirement = {
				kind = upToNextMajorVersion;
				minimumVersion = 2.0.0;
			};
		};
		9FB1035B29459742006257B2 /* XCRemoteSwiftPackageReference "MaterialActivityIndicator" */ = {
			isa = XCRemoteSwiftPackageReference;
			repositoryURL = "https://github.com/nspavlo/MaterialActivityIndicator.git";
			requirement = {
				kind = upToNextMajorVersion;
				minimumVersion = 0.0.7;
			};
		};
/* End XCRemoteSwiftPackageReference section */

/* Begin XCSwiftPackageProductDependency section */
		9F64A3932945383400266F5B /* Kingfisher */ = {
			isa = XCSwiftPackageProductDependency;
			package = 9F64A3922945383400266F5B /* XCRemoteSwiftPackageReference "Kingfisher" */;
			productName = Kingfisher;
		};
		9F7A5C2B294BAE360011E011 /* SwiftAlertView */ = {
			isa = XCSwiftPackageProductDependency;
			package = 9F7A5C2A294BAE360011E011 /* XCRemoteSwiftPackageReference "SwiftAlertView" */;
			productName = SwiftAlertView;
		};
		9FB1035C29459742006257B2 /* MaterialActivityIndicator */ = {
			isa = XCSwiftPackageProductDependency;
			package = 9FB1035B29459742006257B2 /* XCRemoteSwiftPackageReference "MaterialActivityIndicator" */;
			productName = MaterialActivityIndicator;
		};
/* End XCSwiftPackageProductDependency section */

/* Begin XCVersionGroup section */
		9F2AC72C2943BEC900D75353 /* GamesApp.xcdatamodeld */ = {
			isa = XCVersionGroup;
			children = (
				9F2AC72D2943BEC900D75353 /* GamesApp.xcdatamodel */,
			);
			currentVersion = 9F2AC72D2943BEC900D75353 /* GamesApp.xcdatamodel */;
			path = GamesApp.xcdatamodeld;
			sourceTree = "<group>";
			versionGroupType = wrapper.xcdatamodel;
		};
/* End XCVersionGroup section */
	};
	rootObject = 9F2AC7182943BEC900D75353 /* Project object */;
}
